
Microsoft Visual Studio Solution File, Format Version 12.00
# Visual Studio Version 16
VisualStudioVersion = 16.0.30523.141
MinimumVisualStudioVersion = 10.0.40219.1
Project("{FAE04EC0-301F-11D3-BF4B-00C04F79EFBC}") = "Heldy-API", "Heldy-API\Heldy-API.csproj", "{73A7AFC5-92E5-4C25-A900-99D2377D3260}"
EndProject
Project("{FAE04EC0-301F-11D3-BF4B-00C04F79EFBC}") = "Heldy.DataAccess", "Heldy-Api.DataAccess\Heldy.DataAccess.csproj", "{849B6E2E-FB92-4F98-BA31-3136CB30BCF0}"
EndProject
Project("{FAE04EC0-301F-11D3-BF4B-00C04F79EFBC}") = "Heldy.Models", "Heldy-API.Models\Heldy.Models.csproj", "{E902989B-D0A8-443F-B1FA-700E733BBA73}"
EndProject
Project("{FAE04EC0-301F-11D3-BF4B-00C04F79EFBC}") = "Heldy.Services", "Heldy-API.Services\Heldy.Services.csproj", "{2EC8C062-D5AE-4409-8EA5-1B03987FBECE}"
EndProject
Global
	GlobalSection(SolutionConfigurationPlatforms) = preSolution
		Debug|Any CPU = Debug|Any CPU
		Release|Any CPU = Release|Any CPU
	EndGlobalSection
	GlobalSection(ProjectConfigurationPlatforms) = postSolution
		{73A7AFC5-92E5-4C25-A900-99D2377D3260}.Debug|Any CPU.ActiveCfg = Debug|Any CPU
		{73A7AFC5-92E5-4C25-A900-99D2377D3260}.Debug|Any CPU.Build.0 = Debug|Any CPU
		{73A7AFC5-92E5-4C25-A900-99D2377D3260}.Release|Any CPU.ActiveCfg = Release|Any CPU
		{73A7AFC5-92E5-4C25-A900-99D2377D3260}.Release|Any CPU.Build.0 = Release|Any CPU
		{849B6E2E-FB92-4F98-BA31-3136CB30BCF0}.Debug|Any CPU.ActiveCfg = Debug|Any CPU
		{849B6E2E-FB92-4F98-BA31-3136CB30BCF0}.Debug|Any CPU.Build.0 = Debug|Any CPU
		{849B6E2E-FB92-4F98-BA31-3136CB30BCF0}.Release|Any CPU.ActiveCfg = Release|Any CPU
		{849B6E2E-FB92-4F98-BA31-3136CB30BCF0}.Release|Any CPU.Build.0 = Release|Any CPU
		{E902989B-D0A8-443F-B1FA-700E733BBA73}.Debug|Any CPU.ActiveCfg = Debug|Any CPU
		{E902989B-D0A8-443F-B1FA-700E733BBA73}.Debug|Any CPU.Build.0 = Debug|Any CPU
		{E902989B-D0A8-443F-B1FA-700E733BBA73}.Release|Any CPU.ActiveCfg = Release|Any CPU
		{E902989B-D0A8-443F-B1FA-700E733BBA73}.Release|Any CPU.Build.0 = Release|Any CPU
		{2EC8C062-D5AE-4409-8EA5-1B03987FBECE}.Debug|Any CPU.ActiveCfg = Debug|Any CPU
		{2EC8C062-D5AE-4409-8EA5-1B03987FBECE}.Debug|Any CPU.Build.0 = Debug|Any CPU
		{2EC8C062-D5AE-4409-8EA5-1B03987FBECE}.Release|Any CPU.ActiveCfg = Release|Any CPU
		{2EC8C062-D5AE-4409-8EA5-1B03987FBECE}.Release|Any CPU.Build.0 = Release|Any CPU
	EndGlobalSection
	GlobalSection(SolutionProperties) = preSolution
		HideSolutionNode = FALSE
	EndGlobalSection
	GlobalSection(ExtensibilityGlobals) = postSolution
		SolutionGuid = {A7C55083-AF8F-43E7-891C-A8C4787111B8}
	EndGlobalSection
EndGlobal
